
Microsoft Visual Studio Solution File, Format Version 12.00
# Visual Studio Version 17
VisualStudioVersion = 17.4.33213.308
MinimumVisualStudioVersion = 10.0.40219.1
Project("{9A19103F-16F7-4668-BE54-9A1E7A4F7556}") = "AlanBot", "AlanBot.csproj", "{86B94303-EEE7-4EA4-B66F-1A67A1BC566F}"
EndProject
Global
	GlobalSection(SolutionConfigurationPlatforms) = preSolution
		Debug|Any CPU = Debug|Any CPU
		Release|Any CPU = Release|Any CPU
	EndGlobalSection
	GlobalSection(ProjectConfigurationPlatforms) = postSolution
		{86B94303-EEE7-4EA4-B66F-1A67A1BC566F}.Debug|Any CPU.ActiveCfg = Debug|Any CPU
		{86B94303-EEE7-4EA4-B66F-1A67A1BC566F}.Debug|Any CPU.Build.0 = Debug|Any CPU
		{86B94303-EEE7-4EA4-B66F-1A67A1BC566F}.Release|Any CPU.ActiveCfg = Release|Any CPU
		{86B94303-EEE7-4EA4-B66F-1A67A1BC566F}.Release|Any CPU.Build.0 = Release|Any CPU
	EndGlobalSection
	GlobalSection(SolutionProperties) = preSolution
		HideSolutionNode = FALSE
	EndGlobalSection
	GlobalSection(ExtensibilityGlobals) = postSolution
		SolutionGuid = {FB12C80C-C545-4377-AE26-5075BF183982}
	EndGlobalSection
EndGlobal
